
Microsoft Visual Studio Solution File, Format Version 12.00
# Visual Studio Version 17
VisualStudioVersion = 17.3.32922.545
MinimumVisualStudioVersion = 10.0.40219.1
Project("{FAE04EC0-301F-11D3-BF4B-00C04F79EFBC}") = "Restaurang", "Restaurang\Restaurang.csproj", "{977A17B0-DE20-4DA1-A327-F1C73DC40B87}"
EndProject
Global
	GlobalSection(SolutionConfigurationPlatforms) = preSolution
		Debug|Any CPU = Debug|Any CPU
		Release|Any CPU = Release|Any CPU
	EndGlobalSection
	GlobalSection(ProjectConfigurationPlatforms) = postSolution
		{977A17B0-DE20-4DA1-A327-F1C73DC40B87}.Debug|Any CPU.ActiveCfg = Debug|Any CPU
		{977A17B0-DE20-4DA1-A327-F1C73DC40B87}.Debug|Any CPU.Build.0 = Debug|Any CPU
		{977A17B0-DE20-4DA1-A327-F1C73DC40B87}.Release|Any CPU.ActiveCfg = Release|Any CPU
		{977A17B0-DE20-4DA1-A327-F1C73DC40B87}.Release|Any CPU.Build.0 = Release|Any CPU
	EndGlobalSection
	GlobalSection(SolutionProperties) = preSolution
		HideSolutionNode = FALSE
	EndGlobalSection
	GlobalSection(ExtensibilityGlobals) = postSolution
		SolutionGuid = {805B0488-2A35-485C-869C-6E331BB2AE09}
	EndGlobalSection
EndGlobal
